// !$*UTF8*$!
{
	archiveVersion = 1;
	classes = {
	};
	objectVersion = 48;
	objects = {

/* Begin PBXBuildFile section */
		D3F652A91F6DB15300287A04 /* main.m in Sources */ = {isa = PBXBuildFile; fileRef = D3F652A81F6DB15300287A04 /* main.m */; };
		D3F652B61F6DB1B800287A04 /* fld8.c in Sources */ = {isa = PBXBuildFile; fileRef = D3F652B01F6DB1B700287A04 /* fld8.c */; };
		D3F652B71F6DB1B800287A04 /* INP12.c in Sources */ = {isa = PBXBuildFile; fileRef = D3F652B11F6DB1B700287A04 /* INP12.c */; };
		D3F652B81F6DB1B800287A04 /* OUTMET.c in Sources */ = {isa = PBXBuildFile; fileRef = D3F652B21F6DB1B800287A04 /* OUTMET.c */; };
		D3F652B91F6DB1B800287A04 /* FIELDPRP.c in Sources */ = {isa = PBXBuildFile; fileRef = D3F652B31F6DB1B800287A04 /* FIELDPRP.c */; };
		D3F652BA1F6DB1B800287A04 /* OUTENG.c in Sources */ = {isa = PBXBuildFile; fileRef = D3F652B51F6DB1B800287A04 /* OUTENG.c */; };
		D3F652BD1F6DB1D500287A04 /* libf2c.a in Frameworks */ = {isa = PBXBuildFile; fileRef = D3F652BC1F6DB1D500287A04 /* libf2c.a */; };
/* End PBXBuildFile section */

/* Begin PBXCopyFilesBuildPhase section */
		D3F652A31F6DB15300287A04 /* CopyFiles */ = {
			isa = PBXCopyFilesBuildPhase;
			buildActionMask = 2147483647;
			dstPath = /usr/share/man/man1/;
			dstSubfolderSpec = 0;
			files = (
			);
			runOnlyForDeploymentPostprocessing = 1;
		};
/* End PBXCopyFilesBuildPhase section */

/* Begin PBXFileReference section */
		D3F652A51F6DB15300287A04 /* FLD12_CommandLineTool */ = {isa = PBXFileReference; explicitFileType = "compiled.mach-o.executable"; includeInIndex = 0; path = FLD12_CommandLineTool; sourceTree = BUILT_PRODUCTS_DIR; };
		D3F652A81F6DB15300287A04 /* main.m */ = {isa = PBXFileReference; lastKnownFileType = sourcecode.c.objc; path = main.m; sourceTree = "<group>"; };
		D3F652B01F6DB1B700287A04 /* fld8.c */ = {isa = PBXFileReference; fileEncoding = 4; lastKnownFileType = sourcecode.c.c; path = fld8.c; sourceTree = "<group>"; };
		D3F652B11F6DB1B700287A04 /* INP12.c */ = {isa = PBXFileReference; fileEncoding = 4; lastKnownFileType = sourcecode.c.c; path = INP12.c; sourceTree = "<group>"; };
		D3F652B21F6DB1B800287A04 /* OUTMET.c */ = {isa = PBXFileReference; fileEncoding = 4; lastKnownFileType = sourcecode.c.c; path = OUTMET.c; sourceTree = "<group>"; };
		D3F652B31F6DB1B800287A04 /* FIELDPRP.c */ = {isa = PBXFileReference; fileEncoding = 4; lastKnownFileType = sourcecode.c.c; path = FIELDPRP.c; sourceTree = "<group>"; };
		D3F652B41F6DB1B800287A04 /* f2c.h */ = {isa = PBXFileReference; fileEncoding = 4; lastKnownFileType = sourcecode.c.h; path = f2c.h; sourceTree = "<group>"; };
		D3F652B51F6DB1B800287A04 /* OUTENG.c */ = {isa = PBXFileReference; fileEncoding = 4; lastKnownFileType = sourcecode.c.c; path = OUTENG.c; sourceTree = "<group>"; };
		D3F652BC1F6DB1D500287A04 /* libf2c.a */ = {isa = PBXFileReference; lastKnownFileType = archive.ar; name = libf2c.a; path = ../../../../../usr/local/lib/libf2c.a; sourceTree = "<group>"; };
		D3F652BE1F6DB34300287A04 /* PCH_Logging.h */ = {isa = PBXFileReference; fileEncoding = 4; lastKnownFileType = sourcecode.c.h; name = PCH_Logging.h; path = ../../PCH_Logging.h; sourceTree = "<group>"; };
/* End PBXFileReference section */

/* Begin PBXFrameworksBuildPhase section */
		D3F652A21F6DB15300287A04 /* Frameworks */ = {
			isa = PBXFrameworksBuildPhase;
			buildActionMask = 2147483647;
			files = (
				D3F652BD1F6DB1D500287A04 /* libf2c.a in Frameworks */,
			);
			runOnlyForDeploymentPostprocessing = 0;
		};
/* End PBXFrameworksBuildPhase section */

/* Begin PBXGroup section */
		D3F6529C1F6DB15300287A04 = {
			isa = PBXGroup;
			children = (
				D3F652A71F6DB15300287A04 /* FLD12_CommandLineTool */,
				D3F652A61F6DB15300287A04 /* Products */,
				D3F652BB1F6DB1D500287A04 /* Frameworks */,
			);
			sourceTree = "<group>";
		};
		D3F652A61F6DB15300287A04 /* Products */ = {
			isa = PBXGroup;
			children = (
				D3F652A51F6DB15300287A04 /* FLD12_CommandLineTool */,
			);
			name = Products;
			sourceTree = "<group>";
		};
		D3F652A71F6DB15300287A04 /* FLD12_CommandLineTool */ = {
			isa = PBXGroup;
			children = (
				D3F652A81F6DB15300287A04 /* main.m */,
				D3F652B41F6DB1B800287A04 /* f2c.h */,
				D3F652B31F6DB1B800287A04 /* FIELDPRP.c */,
				D3F652B01F6DB1B700287A04 /* fld8.c */,
				D3F652B11F6DB1B700287A04 /* INP12.c */,
				D3F652B51F6DB1B800287A04 /* OUTENG.c */,
				D3F652B21F6DB1B800287A04 /* OUTMET.c */,
				D3F652BE1F6DB34300287A04 /* PCH_Logging.h */,
			);
			path = FLD12_CommandLineTool;
			sourceTree = "<group>";
		};
		D3F652BB1F6DB1D500287A04 /* Frameworks */ = {
			isa = PBXGroup;
			children = (
				D3F652BC1F6DB1D500287A04 /* libf2c.a */,
			);
			name = Frameworks;
			sourceTree = "<group>";
		};
/* End PBXGroup section */

/* Begin PBXNativeTarget section */
		D3F652A41F6DB15300287A04 /* FLD12_CommandLineTool */ = {
			isa = PBXNativeTarget;
			buildConfigurationList = D3F652AC1F6DB15300287A04 /* Build configuration list for PBXNativeTarget "FLD12_CommandLineTool" */;
			buildPhases = (
				D3F652A11F6DB15300287A04 /* Sources */,
				D3F652A21F6DB15300287A04 /* Frameworks */,
				D3F652A31F6DB15300287A04 /* CopyFiles */,
			);
			buildRules = (
			);
			dependencies = (
			);
			name = FLD12_CommandLineTool;
			productName = FLD12_CommandLineTool;
			productReference = D3F652A51F6DB15300287A04 /* FLD12_CommandLineTool */;
			productType = "com.apple.product-type.tool";
		};
/* End PBXNativeTarget section */

/* Begin PBXProject section */
		D3F6529D1F6DB15300287A04 /* Project object */ = {
			isa = PBXProject;
			attributes = {
				LastUpgradeCheck = 1200;
				ORGANIZATIONNAME = "Peter Huber";
				TargetAttributes = {
					D3F652A41F6DB15300287A04 = {
						CreatedOnToolsVersion = 9.0;
						ProvisioningStyle = Automatic;
					};
				};
			};
			buildConfigurationList = D3F652A01F6DB15300287A04 /* Build configuration list for PBXProject "FLD12_CommandLineTool" */;
			compatibilityVersion = "Xcode 8.0";
			developmentRegion = en;
			hasScannedForEncodings = 0;
			knownRegions = (
				en,
				Base,
			);
			mainGroup = D3F6529C1F6DB15300287A04;
			productRefGroup = D3F652A61F6DB15300287A04 /* Products */;
			projectDirPath = "";
			projectRoot = "";
			targets = (
				D3F652A41F6DB15300287A04 /* FLD12_CommandLineTool */,
			);
		};
/* End PBXProject section */

/* Begin PBXSourcesBuildPhase section */
		D3F652A11F6DB15300287A04 /* Sources */ = {
			isa = PBXSourcesBuildPhase;
			buildActionMask = 2147483647;
			files = (
				D3F652B71F6DB1B800287A04 /* INP12.c in Sources */,
				D3F652BA1F6DB1B800287A04 /* OUTENG.c in Sources */,
				D3F652A91F6DB15300287A04 /* main.m in Sources */,
				D3F652B91F6DB1B800287A04 /* FIELDPRP.c in Sources */,
				D3F652B61F6DB1B800287A04 /* fld8.c in Sources */,
				D3F652B81F6DB1B800287A04 /* OUTMET.c in Sources */,
			);
			runOnlyForDeploymentPostprocessing = 0;
		};
/* End PBXSourcesBuildPhase section */

/* Begin XCBuildConfiguration section */
		D3F652AA1F6DB15300287A04 /* Debug */ = {
			isa = XCBuildConfiguration;
			buildSettings = {
				ALWAYS_SEARCH_USER_PATHS = NO;
				CLANG_ANALYZER_NONNULL = YES;
				CLANG_ANALYZER_NUMBER_OBJECT_CONVERSION = YES_AGGRESSIVE;
				CLANG_CXX_LANGUAGE_STANDARD = "gnu++14";
				CLANG_CXX_LIBRARY = "libc++";
				CLANG_ENABLE_MODULES = YES;
				CLANG_ENABLE_OBJC_ARC = YES;
				CLANG_WARN_BLOCK_CAPTURE_AUTORELEASING = YES;
				CLANG_WARN_BOOL_CONVERSION = YES;
				CLANG_WARN_COMMA = YES;
				CLANG_WARN_CONSTANT_CONVERSION = YES;
				CLANG_WARN_DEPRECATED_OBJC_IMPLEMENTATIONS = YES;
				CLANG_WARN_DIRECT_OBJC_ISA_USAGE = YES_ERROR;
				CLANG_WARN_DOCUMENTATION_COMMENTS = YES;
				CLANG_WARN_EMPTY_BODY = YES;
				CLANG_WARN_ENUM_CONVERSION = YES;
				CLANG_WARN_INFINITE_RECURSION = YES;
				CLANG_WARN_INT_CONVERSION = YES;
				CLANG_WARN_NON_LITERAL_NULL_CONVERSION = YES;
				CLANG_WARN_OBJC_IMPLICIT_RETAIN_SELF = YES;
				CLANG_WARN_OBJC_LITERAL_CONVERSION = YES;
				CLANG_WARN_OBJC_ROOT_CLASS = YES_ERROR;
				CLANG_WARN_QUOTED_INCLUDE_IN_FRAMEWORK_HEADER = YES;
				CLANG_WARN_RANGE_LOOP_ANALYSIS = YES;
				CLANG_WARN_STRICT_PROTOTYPES = YES;
				CLANG_WARN_SUSPICIOUS_MOVE = YES;
				CLANG_WARN_UNGUARDED_AVAILABILITY = YES_AGGRESSIVE;
				CLANG_WARN_UNREACHABLE_CODE = YES;
				CLANG_WARN__DUPLICATE_METHOD_MATCH = YES;
				CODE_SIGN_IDENTITY = "-";
				COPY_PHASE_STRIP = NO;
				DEBUG_INFORMATION_FORMAT = dwarf;
				ENABLE_STRICT_OBJC_MSGSEND = YES;
				ENABLE_TESTABILITY = YES;
				GCC_C_LANGUAGE_STANDARD = gnu11;
				GCC_DYNAMIC_NO_PIC = NO;
				GCC_NO_COMMON_BLOCKS = YES;
				GCC_OPTIMIZATION_LEVEL = 0;
				GCC_PREPROCESSOR_DEFINITIONS = (
					"DEBUG=1",
					"$(inherited)",
				);
				GCC_WARN_64_TO_32_BIT_CONVERSION = YES;
				GCC_WARN_ABOUT_RETURN_TYPE = YES_ERROR;
				GCC_WARN_UNDECLARED_SELECTOR = YES;
				GCC_WARN_UNINITIALIZED_AUTOS = YES_AGGRESSIVE;
				GCC_WARN_UNUSED_FUNCTION = YES;
				GCC_WARN_UNUSED_VARIABLE = YES;
				MACOSX_DEPLOYMENT_TARGET = 10.12;
				MTL_ENABLE_DEBUG_INFO = YES;
				ONLY_ACTIVE_ARCH = YES;
				SDKROOT = macosx;
			};
			name = Debug;
		};
		D3F652AB1F6DB15300287A04 /* Release */ = {
			isa = XCBuildConfiguration;
			buildSettings = {
				ALWAYS_SEARCH_USER_PATHS = NO;
				CLANG_ANALYZER_NONNULL = YES;
				CLANG_ANALYZER_NUMBER_OBJECT_CONVERSION = YES_AGGRESSIVE;
				CLANG_CXX_LANGUAGE_STANDARD = "gnu++14";
				CLANG_CXX_LIBRARY = "libc++";
				CLANG_ENABLE_MODULES = YES;
				CLANG_ENABLE_OBJC_ARC = YES;
				CLANG_WARN_BLOCK_CAPTURE_AUTORELEASING = YES;
				CLANG_WARN_BOOL_CONVERSION = YES;
				CLANG_WARN_COMMA = YES;
				CLANG_WARN_CONSTANT_CONVERSION = YES;
				CLANG_WARN_DEPRECATED_OBJC_IMPLEMENTATIONS = YES;
				CLANG_WARN_DIRECT_OBJC_ISA_USAGE = YES_ERROR;
				CLANG_WARN_DOCUMENTATION_COMMENTS = YES;
				CLANG_WARN_EMPTY_BODY = YES;
				CLANG_WARN_ENUM_CONVERSION = YES;
				CLANG_WARN_INFINITE_RECURSION = YES;
				CLANG_WARN_INT_CONVERSION = YES;
				CLANG_WARN_NON_LITERAL_NULL_CONVERSION = YES;
				CLANG_WARN_OBJC_IMPLICIT_RETAIN_SELF = YES;
				CLANG_WARN_OBJC_LITERAL_CONVERSION = YES;
				CLANG_WARN_OBJC_ROOT_CLASS = YES_ERROR;
				CLANG_WARN_QUOTED_INCLUDE_IN_FRAMEWORK_HEADER = YES;
				CLANG_WARN_RANGE_LOOP_ANALYSIS = YES;
				CLANG_WARN_STRICT_PROTOTYPES = YES;
				CLANG_WARN_SUSPICIOUS_MOVE = YES;
				CLANG_WARN_UNGUARDED_AVAILABILITY = YES_AGGRESSIVE;
				CLANG_WARN_UNREACHABLE_CODE = YES;
				CLANG_WARN__DUPLICATE_METHOD_MATCH = YES;
				CODE_SIGN_IDENTITY = "-";
				COPY_PHASE_STRIP = NO;
				DEBUG_INFORMATION_FORMAT = "dwarf-with-dsym";
				ENABLE_NS_ASSERTIONS = NO;
				ENABLE_STRICT_OBJC_MSGSEND = YES;
				GCC_C_LANGUAGE_STANDARD = gnu11;
				GCC_NO_COMMON_BLOCKS = YES;
				GCC_WARN_64_TO_32_BIT_CONVERSION = YES;
				GCC_WARN_ABOUT_RETURN_TYPE = YES_ERROR;
				GCC_WARN_UNDECLARED_SELECTOR = YES;
				GCC_WARN_UNINITIALIZED_AUTOS = YES_AGGRESSIVE;
				GCC_WARN_UNUSED_FUNCTION = YES;
				GCC_WARN_UNUSED_VARIABLE = YES;
				MACOSX_DEPLOYMENT_TARGET = 10.12;
				MTL_ENABLE_DEBUG_INFO = NO;
				SDKROOT = macosx;
			};
			name = Release;
		};
		D3F652AD1F6DB15300287A04 /* Debug */ = {
			isa = XCBuildConfiguration;
			buildSettings = {
				CODE_SIGN_IDENTITY = "-";
				CODE_SIGN_STYLE = Automatic;
				DEVELOPMENT_TEAM = WPGZ62544B;
				LIBRARY_SEARCH_PATHS = /usr/local/lib;
				PRODUCT_NAME = "$(TARGET_NAME)";
			};
			name = Debug;
		};
		D3F652AE1F6DB15300287A04 /* Release */ = {
			isa = XCBuildConfiguration;
			buildSettings = {
				CODE_SIGN_IDENTITY = "-";
				CODE_SIGN_STYLE = Automatic;
				DEVELOPMENT_TEAM = WPGZ62544B;
				LIBRARY_SEARCH_PATHS = /usr/local/lib;
				PRODUCT_NAME = "$(TARGET_NAME)";
			};
			name = Release;
		};
/* End XCBuildConfiguration section */

/* Begin XCConfigurationList section */
		D3F652A01F6DB15300287A04 /* Build configuration list for PBXProject "FLD12_CommandLineTool" */ = {
			isa = XCConfigurationList;
			buildConfigurations = (
				D3F652AA1F6DB15300287A04 /* Debug */,
				D3F652AB1F6DB15300287A04 /* Release */,
			);
			defaultConfigurationIsVisible = 0;
			defaultConfigurationName = Release;
		};
		D3F652AC1F6DB15300287A04 /* Build configuration list for PBXNativeTarget "FLD12_CommandLineTool" */ = {
			isa = XCConfigurationList;
			buildConfigurations = (
				D3F652AD1F6DB15300287A04 /* Debug */,
				D3F652AE1F6DB15300287A04 /* Release */,
			);
			defaultConfigurationIsVisible = 0;
			defaultConfigurationName = Release;
		};
/* End XCConfigurationList section */
	};
	rootObject = D3F6529D1F6DB15300287A04 /* Project object */;
}
